
Microsoft Visual Studio Solution File, Format Version 12.00
# Visual Studio Version 17
VisualStudioVersion = 17.2.32630.192
MinimumVisualStudioVersion = 10.0.40219.1
Project("{8BC9CEB8-8B4A-11D0-8D11-00A0C91BC942}") = "sick-coding-challenge", "sick-coding-challenge.vcxproj", "{12AFC1A2-2159-4CAE-8988-67D9F4F2AA7B}"
EndProject
Global
	GlobalSection(SolutionConfigurationPlatforms) = preSolution
		Debug|x64 = Debug|x64
		Debug|x86 = Debug|x86
		Release|x64 = Release|x64
		Release|x86 = Release|x86
	EndGlobalSection
	GlobalSection(ProjectConfigurationPlatforms) = postSolution
		{12AFC1A2-2159-4CAE-8988-67D9F4F2AA7B}.Debug|x64.ActiveCfg = Debug|x64
		{12AFC1A2-2159-4CAE-8988-67D9F4F2AA7B}.Debug|x64.Build.0 = Debug|x64
		{12AFC1A2-2159-4CAE-8988-67D9F4F2AA7B}.Debug|x86.ActiveCfg = Debug|Win32
		{12AFC1A2-2159-4CAE-8988-67D9F4F2AA7B}.Debug|x86.Build.0 = Debug|Win32
		{12AFC1A2-2159-4CAE-8988-67D9F4F2AA7B}.Release|x64.ActiveCfg = Release|x64
		{12AFC1A2-2159-4CAE-8988-67D9F4F2AA7B}.Release|x64.Build.0 = Release|x64
		{12AFC1A2-2159-4CAE-8988-67D9F4F2AA7B}.Release|x86.ActiveCfg = Release|Win32
		{12AFC1A2-2159-4CAE-8988-67D9F4F2AA7B}.Release|x86.Build.0 = Release|Win32
	EndGlobalSection
	GlobalSection(SolutionProperties) = preSolution
		HideSolutionNode = FALSE
	EndGlobalSection
	GlobalSection(ExtensibilityGlobals) = postSolution
		SolutionGuid = {C7CC90F5-41AD-48E5-AF71-3D60553DB2A5}
	EndGlobalSection
EndGlobal
